// !$*UTF8*$!
{
	archiveVersion = 1;
	classes = {
	};
	objectVersion = 46;
	objects = {

/* Begin PBXBuildFile section */
		385B728DBE064A8F8F54196E /* libPods.a in Frameworks */ = {isa = PBXBuildFile; fileRef = 73A7F22D957A4F1F973DA45E /* libPods.a */; };
		3D877A7F197F29DA003B68CA /* FBTest01Auth.m in Sources */ = {isa = PBXBuildFile; fileRef = 3D877A7E197F29DA003B68CA /* FBTest01Auth.m */; };
		3D877A83197F2C9A003B68CA /* FBTest01User.m in Sources */ = {isa = PBXBuildFile; fileRef = 3D877A82197F2C9A003B68CA /* FBTest01User.m */; };
		3D8DF9F91981F6B9008A7484 /* FBTest01AccessToken.m in Sources */ = {isa = PBXBuildFile; fileRef = 3D8DF9F81981F6B9008A7484 /* FBTest01AccessToken.m */; };
		3DBF5092197D089200C2CA07 /* SubStoryboard.storyboard in Resources */ = {isa = PBXBuildFile; fileRef = 3DBF5091197D089200C2CA07 /* SubStoryboard.storyboard */; };
		3DBF5095197D08FD00C2CA07 /* FBTest01AnotherViewController.m in Sources */ = {isa = PBXBuildFile; fileRef = 3DBF5094197D08FD00C2CA07 /* FBTest01AnotherViewController.m */; };
		3DC328A1196D12B900FA9A11 /* Foundation.framework in Frameworks */ = {isa = PBXBuildFile; fileRef = 3DC328A0196D12B900FA9A11 /* Foundation.framework */; };
		3DC328A3196D12B900FA9A11 /* CoreGraphics.framework in Frameworks */ = {isa = PBXBuildFile; fileRef = 3DC328A2196D12B900FA9A11 /* CoreGraphics.framework */; };
		3DC328A5196D12B900FA9A11 /* UIKit.framework in Frameworks */ = {isa = PBXBuildFile; fileRef = 3DC328A4196D12B900FA9A11 /* UIKit.framework */; };
		3DC328AB196D12B900FA9A11 /* InfoPlist.strings in Resources */ = {isa = PBXBuildFile; fileRef = 3DC328A9196D12B900FA9A11 /* InfoPlist.strings */; };
		3DC328AD196D12B900FA9A11 /* main.m in Sources */ = {isa = PBXBuildFile; fileRef = 3DC328AC196D12B900FA9A11 /* main.m */; };
		3DC328B1196D12B900FA9A11 /* FBTest01AppDelegate.m in Sources */ = {isa = PBXBuildFile; fileRef = 3DC328B0196D12B900FA9A11 /* FBTest01AppDelegate.m */; };
		3DC328B4196D12B900FA9A11 /* Main.storyboard in Resources */ = {isa = PBXBuildFile; fileRef = 3DC328B2196D12B900FA9A11 /* Main.storyboard */; };
		3DC328B7196D12B900FA9A11 /* FBTest01ViewController.m in Sources */ = {isa = PBXBuildFile; fileRef = 3DC328B6196D12B900FA9A11 /* FBTest01ViewController.m */; };
		3DC328B9196D12B900FA9A11 /* Images.xcassets in Resources */ = {isa = PBXBuildFile; fileRef = 3DC328B8196D12B900FA9A11 /* Images.xcassets */; };
		3DC328C0196D12B900FA9A11 /* XCTest.framework in Frameworks */ = {isa = PBXBuildFile; fileRef = 3DC328BF196D12B900FA9A11 /* XCTest.framework */; };
		3DC328C1196D12B900FA9A11 /* Foundation.framework in Frameworks */ = {isa = PBXBuildFile; fileRef = 3DC328A0196D12B900FA9A11 /* Foundation.framework */; };
		3DC328C2196D12B900FA9A11 /* UIKit.framework in Frameworks */ = {isa = PBXBuildFile; fileRef = 3DC328A4196D12B900FA9A11 /* UIKit.framework */; };
		3DC328CA196D12B900FA9A11 /* InfoPlist.strings in Resources */ = {isa = PBXBuildFile; fileRef = 3DC328C8196D12B900FA9A11 /* InfoPlist.strings */; };
		3DC328CC196D12B900FA9A11 /* FBTest01Tests.m in Sources */ = {isa = PBXBuildFile; fileRef = 3DC328CB196D12B900FA9A11 /* FBTest01Tests.m */; };
		3DEB61B4197CE17E009722C4 /* Security.framework in Frameworks */ = {isa = PBXBuildFile; fileRef = 3DEB61B3197CE17E009722C4 /* Security.framework */; };
/* End PBXBuildFile section */

/* Begin PBXContainerItemProxy section */
		3DC328C3196D12B900FA9A11 /* PBXContainerItemProxy */ = {
			isa = PBXContainerItemProxy;
			containerPortal = 3DC32895196D12B900FA9A11 /* Project object */;
			proxyType = 1;
			remoteGlobalIDString = 3DC3289C196D12B900FA9A11;
			remoteInfo = FBTest01;
		};
/* End PBXContainerItemProxy section */

/* Begin PBXFileReference section */
		3D44FF2019888BBC00206CB0 /* Config.xcconfig */ = {isa = PBXFileReference; lastKnownFileType = text.xcconfig; path = Config.xcconfig; sourceTree = "<group>"; };
		3D877A7D197F29DA003B68CA /* FBTest01Auth.h */ = {isa = PBXFileReference; fileEncoding = 4; lastKnownFileType = sourcecode.c.h; name = FBTest01Auth.h; path = ../FBTest01Auth.h; sourceTree = "<group>"; };
		3D877A7E197F29DA003B68CA /* FBTest01Auth.m */ = {isa = PBXFileReference; fileEncoding = 4; lastKnownFileType = sourcecode.c.objc; name = FBTest01Auth.m; path = ../FBTest01Auth.m; sourceTree = "<group>"; };
		3D877A81197F2C9A003B68CA /* FBTest01User.h */ = {isa = PBXFileReference; fileEncoding = 4; lastKnownFileType = sourcecode.c.h; path = FBTest01User.h; sourceTree = "<group>"; };
		3D877A82197F2C9A003B68CA /* FBTest01User.m */ = {isa = PBXFileReference; fileEncoding = 4; lastKnownFileType = sourcecode.c.objc; path = FBTest01User.m; sourceTree = "<group>"; };
		3D8DF9F71981F6B9008A7484 /* FBTest01AccessToken.h */ = {isa = PBXFileReference; fileEncoding = 4; lastKnownFileType = sourcecode.c.h; path = FBTest01AccessToken.h; sourceTree = "<group>"; };
		3D8DF9F81981F6B9008A7484 /* FBTest01AccessToken.m */ = {isa = PBXFileReference; fileEncoding = 4; lastKnownFileType = sourcecode.c.objc; path = FBTest01AccessToken.m; sourceTree = "<group>"; };
		3DBF5091197D089200C2CA07 /* SubStoryboard.storyboard */ = {isa = PBXFileReference; fileEncoding = 4; lastKnownFileType = file.storyboard; path = SubStoryboard.storyboard; sourceTree = "<group>"; };
		3DBF5093197D08FD00C2CA07 /* FBTest01AnotherViewController.h */ = {isa = PBXFileReference; fileEncoding = 4; lastKnownFileType = sourcecode.c.h; path = FBTest01AnotherViewController.h; sourceTree = "<group>"; };
		3DBF5094197D08FD00C2CA07 /* FBTest01AnotherViewController.m */ = {isa = PBXFileReference; fileEncoding = 4; lastKnownFileType = sourcecode.c.objc; path = FBTest01AnotherViewController.m; sourceTree = "<group>"; };
		3DC3289D196D12B900FA9A11 /* FBTest01.app */ = {isa = PBXFileReference; explicitFileType = wrapper.application; includeInIndex = 0; path = FBTest01.app; sourceTree = BUILT_PRODUCTS_DIR; };
		3DC328A0196D12B900FA9A11 /* Foundation.framework */ = {isa = PBXFileReference; lastKnownFileType = wrapper.framework; name = Foundation.framework; path = System/Library/Frameworks/Foundation.framework; sourceTree = SDKROOT; };
		3DC328A2196D12B900FA9A11 /* CoreGraphics.framework */ = {isa = PBXFileReference; lastKnownFileType = wrapper.framework; name = CoreGraphics.framework; path = System/Library/Frameworks/CoreGraphics.framework; sourceTree = SDKROOT; };
		3DC328A4196D12B900FA9A11 /* UIKit.framework */ = {isa = PBXFileReference; lastKnownFileType = wrapper.framework; name = UIKit.framework; path = System/Library/Frameworks/UIKit.framework; sourceTree = SDKROOT; };
		3DC328A8196D12B900FA9A11 /* FBTest01-Info.plist */ = {isa = PBXFileReference; lastKnownFileType = text.plist.xml; path = "FBTest01-Info.plist"; sourceTree = "<group>"; };
		3DC328AA196D12B900FA9A11 /* en */ = {isa = PBXFileReference; lastKnownFileType = text.plist.strings; name = en; path = en.lproj/InfoPlist.strings; sourceTree = "<group>"; };
		3DC328AC196D12B900FA9A11 /* main.m */ = {isa = PBXFileReference; lastKnownFileType = sourcecode.c.objc; path = main.m; sourceTree = "<group>"; };
		3DC328AE196D12B900FA9A11 /* FBTest01-Prefix.pch */ = {isa = PBXFileReference; lastKnownFileType = sourcecode.c.h; path = "FBTest01-Prefix.pch"; sourceTree = "<group>"; };
		3DC328AF196D12B900FA9A11 /* FBTest01AppDelegate.h */ = {isa = PBXFileReference; lastKnownFileType = sourcecode.c.h; path = FBTest01AppDelegate.h; sourceTree = "<group>"; };
		3DC328B0196D12B900FA9A11 /* FBTest01AppDelegate.m */ = {isa = PBXFileReference; lastKnownFileType = sourcecode.c.objc; path = FBTest01AppDelegate.m; sourceTree = "<group>"; };
		3DC328B3196D12B900FA9A11 /* Base */ = {isa = PBXFileReference; lastKnownFileType = file.storyboard; name = Base; path = Base.lproj/Main.storyboard; sourceTree = "<group>"; };
		3DC328B5196D12B900FA9A11 /* FBTest01ViewController.h */ = {isa = PBXFileReference; lastKnownFileType = sourcecode.c.h; path = FBTest01ViewController.h; sourceTree = "<group>"; };
		3DC328B6196D12B900FA9A11 /* FBTest01ViewController.m */ = {isa = PBXFileReference; lastKnownFileType = sourcecode.c.objc; path = FBTest01ViewController.m; sourceTree = "<group>"; };
		3DC328B8196D12B900FA9A11 /* Images.xcassets */ = {isa = PBXFileReference; lastKnownFileType = folder.assetcatalog; path = Images.xcassets; sourceTree = "<group>"; };
		3DC328BE196D12B900FA9A11 /* FBTest01Tests.xctest */ = {isa = PBXFileReference; explicitFileType = wrapper.cfbundle; includeInIndex = 0; path = FBTest01Tests.xctest; sourceTree = BUILT_PRODUCTS_DIR; };
		3DC328BF196D12B900FA9A11 /* XCTest.framework */ = {isa = PBXFileReference; lastKnownFileType = wrapper.framework; name = XCTest.framework; path = Library/Frameworks/XCTest.framework; sourceTree = DEVELOPER_DIR; };
		3DC328C7196D12B900FA9A11 /* FBTest01Tests-Info.plist */ = {isa = PBXFileReference; lastKnownFileType = text.plist.xml; path = "FBTest01Tests-Info.plist"; sourceTree = "<group>"; };
		3DC328C9196D12B900FA9A11 /* en */ = {isa = PBXFileReference; lastKnownFileType = text.plist.strings; name = en; path = en.lproj/InfoPlist.strings; sourceTree = "<group>"; };
		3DC328CB196D12B900FA9A11 /* FBTest01Tests.m */ = {isa = PBXFileReference; lastKnownFileType = sourcecode.c.objc; path = FBTest01Tests.m; sourceTree = "<group>"; };
		3DEB61B2197CE0E4009722C4 /* FBTest01.entitlements */ = {isa = PBXFileReference; lastKnownFileType = text.xml; path = FBTest01.entitlements; sourceTree = "<group>"; };
		3DEB61B3197CE17E009722C4 /* Security.framework */ = {isa = PBXFileReference; lastKnownFileType = wrapper.framework; name = Security.framework; path = System/Library/Frameworks/Security.framework; sourceTree = SDKROOT; };
		73A7F22D957A4F1F973DA45E /* libPods.a */ = {isa = PBXFileReference; explicitFileType = archive.ar; includeInIndex = 0; path = libPods.a; sourceTree = BUILT_PRODUCTS_DIR; };
		9F28D062FA5F4F54AD97731A /* Pods.xcconfig */ = {isa = PBXFileReference; includeInIndex = 1; lastKnownFileType = text.xcconfig; name = Pods.xcconfig; path = Pods/Pods.xcconfig; sourceTree = "<group>"; };
/* End PBXFileReference section */

/* Begin PBXFrameworksBuildPhase section */
		3DC3289A196D12B900FA9A11 /* Frameworks */ = {
			isa = PBXFrameworksBuildPhase;
			buildActionMask = 2147483647;
			files = (
				3DEB61B4197CE17E009722C4 /* Security.framework in Frameworks */,
				3DC328A3196D12B900FA9A11 /* CoreGraphics.framework in Frameworks */,
				3DC328A5196D12B900FA9A11 /* UIKit.framework in Frameworks */,
				3DC328A1196D12B900FA9A11 /* Foundation.framework in Frameworks */,
				385B728DBE064A8F8F54196E /* libPods.a in Frameworks */,
			);
			runOnlyForDeploymentPostprocessing = 0;
		};
		3DC328BB196D12B900FA9A11 /* Frameworks */ = {
			isa = PBXFrameworksBuildPhase;
			buildActionMask = 2147483647;
			files = (
				3DC328C0196D12B900FA9A11 /* XCTest.framework in Frameworks */,
				3DC328C2196D12B900FA9A11 /* UIKit.framework in Frameworks */,
				3DC328C1196D12B900FA9A11 /* Foundation.framework in Frameworks */,
			);
			runOnlyForDeploymentPostprocessing = 0;
		};
/* End PBXFrameworksBuildPhase section */

/* Begin PBXGroup section */
		3D877A80197F2B65003B68CA /* Libraries */ = {
			isa = PBXGroup;
			children = (
				3D8DF9F71981F6B9008A7484 /* FBTest01AccessToken.h */,
				3D8DF9F81981F6B9008A7484 /* FBTest01AccessToken.m */,
				3D877A7D197F29DA003B68CA /* FBTest01Auth.h */,
				3D877A7E197F29DA003B68CA /* FBTest01Auth.m */,
				3D877A81197F2C9A003B68CA /* FBTest01User.h */,
				3D877A82197F2C9A003B68CA /* FBTest01User.m */,
			);
			name = Libraries;
			path = "untitled folder";
			sourceTree = "<group>";
		};
		3DC32894196D12B900FA9A11 = {
			isa = PBXGroup;
			children = (
				3DC328A6196D12B900FA9A11 /* FBTest01 */,
				3DC328C5196D12B900FA9A11 /* FBTest01Tests */,
				3DC3289F196D12B900FA9A11 /* Frameworks */,
				3DC3289E196D12B900FA9A11 /* Products */,
				9F28D062FA5F4F54AD97731A /* Pods.xcconfig */,
			);
			sourceTree = "<group>";
		};
		3DC3289E196D12B900FA9A11 /* Products */ = {
			isa = PBXGroup;
			children = (
				3DC3289D196D12B900FA9A11 /* FBTest01.app */,
				3DC328BE196D12B900FA9A11 /* FBTest01Tests.xctest */,
			);
			name = Products;
			sourceTree = "<group>";
		};
		3DC3289F196D12B900FA9A11 /* Frameworks */ = {
			isa = PBXGroup;
			children = (
				3DEB61B3197CE17E009722C4 /* Security.framework */,
				3DC328A0196D12B900FA9A11 /* Foundation.framework */,
				3DC328A2196D12B900FA9A11 /* CoreGraphics.framework */,
				3DC328A4196D12B900FA9A11 /* UIKit.framework */,
				3DC328BF196D12B900FA9A11 /* XCTest.framework */,
				73A7F22D957A4F1F973DA45E /* libPods.a */,
			);
			name = Frameworks;
			sourceTree = "<group>";
		};
		3DC328A6196D12B900FA9A11 /* FBTest01 */ = {
			isa = PBXGroup;
			children = (
				3D877A80197F2B65003B68CA /* Libraries */,
				3DEB61B2197CE0E4009722C4 /* FBTest01.entitlements */,
				3DC328AF196D12B900FA9A11 /* FBTest01AppDelegate.h */,
				3DC328B0196D12B900FA9A11 /* FBTest01AppDelegate.m */,
				3DC328B2196D12B900FA9A11 /* Main.storyboard */,
				3DBF5091197D089200C2CA07 /* SubStoryboard.storyboard */,
				3DBF5093197D08FD00C2CA07 /* FBTest01AnotherViewController.h */,
				3DBF5094197D08FD00C2CA07 /* FBTest01AnotherViewController.m */,
				3DC328B5196D12B900FA9A11 /* FBTest01ViewController.h */,
				3DC328B6196D12B900FA9A11 /* FBTest01ViewController.m */,
				3DC328B8196D12B900FA9A11 /* Images.xcassets */,
				3DC328A7196D12B900FA9A11 /* Supporting Files */,
			);
			path = FBTest01;
			sourceTree = "<group>";
		};
		3DC328A7196D12B900FA9A11 /* Supporting Files */ = {
			isa = PBXGroup;
			children = (
				3DC328A8196D12B900FA9A11 /* FBTest01-Info.plist */,
				3D44FF2019888BBC00206CB0 /* Config.xcconfig */,
				3DC328A9196D12B900FA9A11 /* InfoPlist.strings */,
				3DC328AC196D12B900FA9A11 /* main.m */,
				3DC328AE196D12B900FA9A11 /* FBTest01-Prefix.pch */,
			);
			name = "Supporting Files";
			sourceTree = "<group>";
		};
		3DC328C5196D12B900FA9A11 /* FBTest01Tests */ = {
			isa = PBXGroup;
			children = (
				3DC328CB196D12B900FA9A11 /* FBTest01Tests.m */,
				3DC328C6196D12B900FA9A11 /* Supporting Files */,
			);
			path = FBTest01Tests;
			sourceTree = "<group>";
		};
		3DC328C6196D12B900FA9A11 /* Supporting Files */ = {
			isa = PBXGroup;
			children = (
				3DC328C7196D12B900FA9A11 /* FBTest01Tests-Info.plist */,
				3DC328C8196D12B900FA9A11 /* InfoPlist.strings */,
			);
			name = "Supporting Files";
			sourceTree = "<group>";
		};
/* End PBXGroup section */

/* Begin PBXNativeTarget section */
		3DC3289C196D12B900FA9A11 /* FBTest01 */ = {
			isa = PBXNativeTarget;
			buildConfigurationList = 3DC328CF196D12B900FA9A11 /* Build configuration list for PBXNativeTarget "FBTest01" */;
			buildPhases = (
				82D434F413B84701A6C4CD37 /* Check Pods Manifest.lock */,
				3DC32899196D12B900FA9A11 /* Sources */,
				3DC3289A196D12B900FA9A11 /* Frameworks */,
				3DC3289B196D12B900FA9A11 /* Resources */,
				4E5707CC3BF64BF7AB4CA7DE /* Copy Pods Resources */,
			);
			buildRules = (
			);
			dependencies = (
			);
			name = FBTest01;
			productName = FBTest01;
			productReference = 3DC3289D196D12B900FA9A11 /* FBTest01.app */;
			productType = "com.apple.product-type.application";
		};
		3DC328BD196D12B900FA9A11 /* FBTest01Tests */ = {
			isa = PBXNativeTarget;
			buildConfigurationList = 3DC328D2196D12B900FA9A11 /* Build configuration list for PBXNativeTarget "FBTest01Tests" */;
			buildPhases = (
				3DC328BA196D12B900FA9A11 /* Sources */,
				3DC328BB196D12B900FA9A11 /* Frameworks */,
				3DC328BC196D12B900FA9A11 /* Resources */,
			);
			buildRules = (
			);
			dependencies = (
				3DC328C4196D12B900FA9A11 /* PBXTargetDependency */,
			);
			name = FBTest01Tests;
			productName = FBTest01Tests;
			productReference = 3DC328BE196D12B900FA9A11 /* FBTest01Tests.xctest */;
			productType = "com.apple.product-type.bundle.unit-test";
		};
/* End PBXNativeTarget section */

/* Begin PBXProject section */
		3DC32895196D12B900FA9A11 /* Project object */ = {
			isa = PBXProject;
			attributes = {
				CLASSPREFIX = FBTest01;
				LastUpgradeCheck = 0510;
				ORGANIZATIONNAME = iwatest;
				TargetAttributes = {
					3DC3289C196D12B900FA9A11 = {
						SystemCapabilities = {
							com.apple.Keychain = {
								enabled = 0;
							};
						};
					};
					3DC328BD196D12B900FA9A11 = {
						TestTargetID = 3DC3289C196D12B900FA9A11;
					};
				};
			};
			buildConfigurationList = 3DC32898196D12B900FA9A11 /* Build configuration list for PBXProject "FBTest01" */;
			compatibilityVersion = "Xcode 3.2";
			developmentRegion = English;
			hasScannedForEncodings = 0;
			knownRegions = (
				en,
				Base,
			);
			mainGroup = 3DC32894196D12B900FA9A11;
			productRefGroup = 3DC3289E196D12B900FA9A11 /* Products */;
			projectDirPath = "";
			projectRoot = "";
			targets = (
				3DC3289C196D12B900FA9A11 /* FBTest01 */,
				3DC328BD196D12B900FA9A11 /* FBTest01Tests */,
			);
		};
/* End PBXProject section */

/* Begin PBXResourcesBuildPhase section */
		3DC3289B196D12B900FA9A11 /* Resources */ = {
			isa = PBXResourcesBuildPhase;
			buildActionMask = 2147483647;
			files = (
				3DC328B9196D12B900FA9A11 /* Images.xcassets in Resources */,
				3DC328AB196D12B900FA9A11 /* InfoPlist.strings in Resources */,
				3DBF5092197D089200C2CA07 /* SubStoryboard.storyboard in Resources */,
				3DC328B4196D12B900FA9A11 /* Main.storyboard in Resources */,
			);
			runOnlyForDeploymentPostprocessing = 0;
		};
		3DC328BC196D12B900FA9A11 /* Resources */ = {
			isa = PBXResourcesBuildPhase;
			buildActionMask = 2147483647;
			files = (
				3DC328CA196D12B900FA9A11 /* InfoPlist.strings in Resources */,
			);
			runOnlyForDeploymentPostprocessing = 0;
		};
/* End PBXResourcesBuildPhase section */

/* Begin PBXShellScriptBuildPhase section */
		4E5707CC3BF64BF7AB4CA7DE /* Copy Pods Resources */ = {
			isa = PBXShellScriptBuildPhase;
			buildActionMask = 2147483647;
			files = (
			);
			inputPaths = (
			);
			name = "Copy Pods Resources";
			outputPaths = (
			);
			runOnlyForDeploymentPostprocessing = 0;
			shellPath = /bin/sh;
			shellScript = "\"${SRCROOT}/Pods/Pods-resources.sh\"\n";
			showEnvVarsInLog = 0;
		};
		82D434F413B84701A6C4CD37 /* Check Pods Manifest.lock */ = {
			isa = PBXShellScriptBuildPhase;
			buildActionMask = 2147483647;
			files = (
			);
			inputPaths = (
			);
			name = "Check Pods Manifest.lock";
			outputPaths = (
			);
			runOnlyForDeploymentPostprocessing = 0;
			shellPath = /bin/sh;
			shellScript = "diff \"${PODS_ROOT}/../Podfile.lock\" \"${PODS_ROOT}/Manifest.lock\" > /dev/null\nif [[ $? != 0 ]] ; then\n    cat << EOM\nerror: The sandbox is not in sync with the Podfile.lock. Run 'pod install' or update your CocoaPods installation.\nEOM\n    exit 1\nfi\n";
			showEnvVarsInLog = 0;
		};
/* End PBXShellScriptBuildPhase section */

/* Begin PBXSourcesBuildPhase section */
		3DC32899196D12B900FA9A11 /* Sources */ = {
			isa = PBXSourcesBuildPhase;
			buildActionMask = 2147483647;
			files = (
				3DC328AD196D12B900FA9A11 /* main.m in Sources */,
				3DC328B7196D12B900FA9A11 /* FBTest01ViewController.m in Sources */,
				3D8DF9F91981F6B9008A7484 /* FBTest01AccessToken.m in Sources */,
				3D877A7F197F29DA003B68CA /* FBTest01Auth.m in Sources */,
				3D877A83197F2C9A003B68CA /* FBTest01User.m in Sources */,
				3DC328B1196D12B900FA9A11 /* FBTest01AppDelegate.m in Sources */,
				3DBF5095197D08FD00C2CA07 /* FBTest01AnotherViewController.m in Sources */,
			);
			runOnlyForDeploymentPostprocessing = 0;
		};
		3DC328BA196D12B900FA9A11 /* Sources */ = {
			isa = PBXSourcesBuildPhase;
			buildActionMask = 2147483647;
			files = (
				3DC328CC196D12B900FA9A11 /* FBTest01Tests.m in Sources */,
			);
			runOnlyForDeploymentPostprocessing = 0;
		};
/* End PBXSourcesBuildPhase section */

/* Begin PBXTargetDependency section */
		3DC328C4196D12B900FA9A11 /* PBXTargetDependency */ = {
			isa = PBXTargetDependency;
			target = 3DC3289C196D12B900FA9A11 /* FBTest01 */;
			targetProxy = 3DC328C3196D12B900FA9A11 /* PBXContainerItemProxy */;
		};
/* End PBXTargetDependency section */

/* Begin PBXVariantGroup section */
		3DC328A9196D12B900FA9A11 /* InfoPlist.strings */ = {
			isa = PBXVariantGroup;
			children = (
				3DC328AA196D12B900FA9A11 /* en */,
			);
			name = InfoPlist.strings;
			sourceTree = "<group>";
		};
		3DC328B2196D12B900FA9A11 /* Main.storyboard */ = {
			isa = PBXVariantGroup;
			children = (
				3DC328B3196D12B900FA9A11 /* Base */,
			);
			name = Main.storyboard;
			sourceTree = "<group>";
		};
		3DC328C8196D12B900FA9A11 /* InfoPlist.strings */ = {
			isa = PBXVariantGroup;
			children = (
				3DC328C9196D12B900FA9A11 /* en */,
			);
			name = InfoPlist.strings;
			sourceTree = "<group>";
		};
/* End PBXVariantGroup section */

/* Begin XCBuildConfiguration section */
		3DC328CD196D12B900FA9A11 /* Debug */ = {
			isa = XCBuildConfiguration;
			buildSettings = {
				ALWAYS_SEARCH_USER_PATHS = NO;
				CLANG_CXX_LANGUAGE_STANDARD = "gnu++0x";
				CLANG_CXX_LIBRARY = "libc++";
				CLANG_ENABLE_MODULES = YES;
				CLANG_ENABLE_OBJC_ARC = YES;
				CLANG_WARN_BOOL_CONVERSION = YES;
				CLANG_WARN_CONSTANT_CONVERSION = YES;
				CLANG_WARN_DIRECT_OBJC_ISA_USAGE = YES_ERROR;
				CLANG_WARN_EMPTY_BODY = YES;
				CLANG_WARN_ENUM_CONVERSION = YES;
				CLANG_WARN_INT_CONVERSION = YES;
				CLANG_WARN_OBJC_ROOT_CLASS = YES_ERROR;
				CLANG_WARN__DUPLICATE_METHOD_MATCH = YES;
				"CODE_SIGN_IDENTITY[sdk=iphoneos*]" = "iPhone Developer";
				COPY_PHASE_STRIP = NO;
				GCC_C_LANGUAGE_STANDARD = gnu99;
				GCC_DYNAMIC_NO_PIC = NO;
				GCC_OPTIMIZATION_LEVEL = 0;
				GCC_PREPROCESSOR_DEFINITIONS = (
					"DEBUG=1",
					"$(inherited)",
				);
				GCC_SYMBOLS_PRIVATE_EXTERN = NO;
				GCC_WARN_64_TO_32_BIT_CONVERSION = YES;
				GCC_WARN_ABOUT_RETURN_TYPE = YES_ERROR;
				GCC_WARN_UNDECLARED_SELECTOR = YES;
				GCC_WARN_UNINITIALIZED_AUTOS = YES_AGGRESSIVE;
				GCC_WARN_UNUSED_FUNCTION = YES;
				GCC_WARN_UNUSED_VARIABLE = YES;
				IPHONEOS_DEPLOYMENT_TARGET = 7.1;
				ONLY_ACTIVE_ARCH = YES;
				SDKROOT = iphoneos;
			};
			name = Debug;
		};
		3DC328CE196D12B900FA9A11 /* Release */ = {
			isa = XCBuildConfiguration;
			buildSettings = {
				ALWAYS_SEARCH_USER_PATHS = NO;
				CLANG_CXX_LANGUAGE_STANDARD = "gnu++0x";
				CLANG_CXX_LIBRARY = "libc++";
				CLANG_ENABLE_MODULES = YES;
				CLANG_ENABLE_OBJC_ARC = YES;
				CLANG_WARN_BOOL_CONVERSION = YES;
				CLANG_WARN_CONSTANT_CONVERSION = YES;
				CLANG_WARN_DIRECT_OBJC_ISA_USAGE = YES_ERROR;
				CLANG_WARN_EMPTY_BODY = YES;
				CLANG_WARN_ENUM_CONVERSION = YES;
				CLANG_WARN_INT_CONVERSION = YES;
				CLANG_WARN_OBJC_ROOT_CLASS = YES_ERROR;
				CLANG_WARN__DUPLICATE_METHOD_MATCH = YES;
				"CODE_SIGN_IDENTITY[sdk=iphoneos*]" = "iPhone Developer";
				COPY_PHASE_STRIP = YES;
				ENABLE_NS_ASSERTIONS = NO;
				GCC_C_LANGUAGE_STANDARD = gnu99;
				GCC_WARN_64_TO_32_BIT_CONVERSION = YES;
				GCC_WARN_ABOUT_RETURN_TYPE = YES_ERROR;
				GCC_WARN_UNDECLARED_SELECTOR = YES;
				GCC_WARN_UNINITIALIZED_AUTOS = YES_AGGRESSIVE;
				GCC_WARN_UNUSED_FUNCTION = YES;
				GCC_WARN_UNUSED_VARIABLE = YES;
				IPHONEOS_DEPLOYMENT_TARGET = 7.1;
				SDKROOT = iphoneos;
				VALIDATE_PRODUCT = YES;
			};
			name = Release;
		};
		3DC328D0196D12B900FA9A11 /* Debug */ = {
			isa = XCBuildConfiguration;
			baseConfigurationReference = 3D44FF2019888BBC00206CB0 /* Config.xcconfig */;
			buildSettings = {
				ASSETCATALOG_COMPILER_APPICON_NAME = AppIcon;
				ASSETCATALOG_COMPILER_LAUNCHIMAGE_NAME = LaunchImage;
				CODE_SIGN_IDENTITY = "iPhone Developer";
				"CODE_SIGN_IDENTITY[sdk=iphoneos*]" = "";
				GCC_PRECOMPILE_PREFIX_HEADER = YES;
				GCC_PREFIX_HEADER = "FBTest01/FBTest01-Prefix.pch";
				INFOPLIST_FILE = "FBTest01/FBTest01-Info.plist";
				PRODUCT_NAME = "$(TARGET_NAME)";
				PROVISIONING_PROFILE = "";
				WRAPPER_EXTENSION = app;
			};
			name = Debug;
		};
		3DC328D1196D12B900FA9A11 /* Release */ = {
			isa = XCBuildConfiguration;
			baseConfigurationReference = 9F28D062FA5F4F54AD97731A /* Pods.xcconfig */;
			buildSettings = {
				ASSETCATALOG_COMPILER_APPICON_NAME = AppIcon;
				ASSETCATALOG_COMPILER_LAUNCHIMAGE_NAME = LaunchImage;
				CODE_SIGN_IDENTITY = "iPhone Developer";
				"CODE_SIGN_IDENTITY[sdk=iphoneos*]" = "";
				GCC_PRECOMPILE_PREFIX_HEADER = YES;
				GCC_PREFIX_HEADER = "FBTest01/FBTest01-Prefix.pch";
				INFOPLIST_FILE = "FBTest01/FBTest01-Info.plist";
				PRODUCT_NAME = "$(TARGET_NAME)";
				PROVISIONING_PROFILE = "";
				WRAPPER_EXTENSION = app;
			};
			name = Release;
		};
		3DC328D3196D12B900FA9A11 /* Debug */ = {
			isa = XCBuildConfiguration;
			buildSettings = {
				BUNDLE_LOADER = "$(BUILT_PRODUCTS_DIR)/FBTest01.app/FBTest01";
				FRAMEWORK_SEARCH_PATHS = (
					"$(SDKROOT)/Developer/Library/Frameworks",
					"$(inherited)",
					"$(DEVELOPER_FRAMEWORKS_DIR)",
				);
				GCC_PRECOMPILE_PREFIX_HEADER = YES;
				GCC_PREFIX_HEADER = "FBTest01/FBTest01-Prefix.pch";
				GCC_PREPROCESSOR_DEFINITIONS = (
					"DEBUG=1",
					"$(inherited)",
				);
				INFOPLIST_FILE = "FBTest01Tests/FBTest01Tests-Info.plist";
				PRODUCT_NAME = "$(TARGET_NAME)";
				TEST_HOST = "$(BUNDLE_LOADER)";
				WRAPPER_EXTENSION = xctest;
			};
			name = Debug;
		};
		3DC328D4196D12B900FA9A11 /* Release */ = {
			isa = XCBuildConfiguration;
			buildSettings = {
				BUNDLE_LOADER = "$(BUILT_PRODUCTS_DIR)/FBTest01.app/FBTest01";
				FRAMEWORK_SEARCH_PATHS = (
					"$(SDKROOT)/Developer/Library/Frameworks",
					"$(inherited)",
					"$(DEVELOPER_FRAMEWORKS_DIR)",
				);
				GCC_PRECOMPILE_PREFIX_HEADER = YES;
				GCC_PREFIX_HEADER = "FBTest01/FBTest01-Prefix.pch";
				INFOPLIST_FILE = "FBTest01Tests/FBTest01Tests-Info.plist";
				PRODUCT_NAME = "$(TARGET_NAME)";
				TEST_HOST = "$(BUNDLE_LOADER)";
				WRAPPER_EXTENSION = xctest;
			};
			name = Release;
		};
/* End XCBuildConfiguration section */

/* Begin XCConfigurationList section */
		3DC32898196D12B900FA9A11 /* Build configuration list for PBXProject "FBTest01" */ = {
			isa = XCConfigurationList;
			buildConfigurations = (
				3DC328CD196D12B900FA9A11 /* Debug */,
				3DC328CE196D12B900FA9A11 /* Release */,
			);
			defaultConfigurationIsVisible = 0;
			defaultConfigurationName = Release;
		};
		3DC328CF196D12B900FA9A11 /* Build configuration list for PBXNativeTarget "FBTest01" */ = {
			isa = XCConfigurationList;
			buildConfigurations = (
				3DC328D0196D12B900FA9A11 /* Debug */,
				3DC328D1196D12B900FA9A11 /* Release */,
			);
			defaultConfigurationIsVisible = 0;
			defaultConfigurationName = Release;
		};
		3DC328D2196D12B900FA9A11 /* Build configuration list for PBXNativeTarget "FBTest01Tests" */ = {
			isa = XCConfigurationList;
			buildConfigurations = (
				3DC328D3196D12B900FA9A11 /* Debug */,
				3DC328D4196D12B900FA9A11 /* Release */,
			);
			defaultConfigurationIsVisible = 0;
			defaultConfigurationName = Release;
		};
/* End XCConfigurationList section */
	};
	rootObject = 3DC32895196D12B900FA9A11 /* Project object */;
}
